
Microsoft Visual Studio Solution File, Format Version 12.00
# Visual Studio Version 16
VisualStudioVersion = 16.0.29409.12
MinimumVisualStudioVersion = 10.0.40219.1
Project("{FAE04EC0-301F-11D3-BF4B-00C04F79EFBC}") = "лаба2", "лаба2\лаба2.csproj", "{19960D58-3BEC-49C3-8D6F-74489816F97C}"
EndProject
Global
	GlobalSection(SolutionConfigurationPlatforms) = preSolution
		Debug|Any CPU = Debug|Any CPU
		Release|Any CPU = Release|Any CPU
	EndGlobalSection
	GlobalSection(ProjectConfigurationPlatforms) = postSolution
		{19960D58-3BEC-49C3-8D6F-74489816F97C}.Debug|Any CPU.ActiveCfg = Debug|Any CPU
		{19960D58-3BEC-49C3-8D6F-74489816F97C}.Debug|Any CPU.Build.0 = Debug|Any CPU
		{19960D58-3BEC-49C3-8D6F-74489816F97C}.Release|Any CPU.ActiveCfg = Release|Any CPU
		{19960D58-3BEC-49C3-8D6F-74489816F97C}.Release|Any CPU.Build.0 = Release|Any CPU
	EndGlobalSection
	GlobalSection(SolutionProperties) = preSolution
		HideSolutionNode = FALSE
	EndGlobalSection
	GlobalSection(ExtensibilityGlobals) = postSolution
		SolutionGuid = {D444942E-8805-439B-9BD3-81E3DCCC8793}
	EndGlobalSection
EndGlobal
